
Microsoft Visual Studio Solution File, Format Version 12.00
# Visual Studio 15
VisualStudioVersion = 15.0.28010.2016
MinimumVisualStudioVersion = 10.0.40219.1
Project("{9A19103F-16F7-4668-BE54-9A1E7A4F7556}") = "HW", "HW\HW.csproj", "{4655B2B5-6FDF-4AA8-BFD9-60BC5632771D}"
EndProject
Project("{9A19103F-16F7-4668-BE54-9A1E7A4F7556}") = "lesson2.1", "lesson2.1\lesson2.1.csproj", "{0A4DD1B3-E2E4-4BF0-99D2-2D4B6DC6BF0E}"
EndProject
Project("{9A19103F-16F7-4668-BE54-9A1E7A4F7556}") = "lesson2.2", "lesson2.2\lesson2.2.csproj", "{BDC7C1F1-E352-4098-BEDB-D2926F46D2C3}"
EndProject
Project("{9A19103F-16F7-4668-BE54-9A1E7A4F7556}") = "lesson2.3", "lesson2.3\lesson2.3.csproj", "{A4E51469-8498-46CD-A07E-F75A24143036}"
EndProject
Project("{9A19103F-16F7-4668-BE54-9A1E7A4F7556}") = "lesson3.2", "lesson3.2\lesson3.2.csproj", "{688018A8-84BB-48F2-ACF5-A67C433FCCF5}"
EndProject
Project("{9A19103F-16F7-4668-BE54-9A1E7A4F7556}") = "lesson3.3", "lesson3.3\lesson3.3.csproj", "{070191B3-48E2-4201-B88C-093298738B2F}"
EndProject
Project("{9A19103F-16F7-4668-BE54-9A1E7A4F7556}") = "lesson3.4", "lesson3.4\lesson3.4.csproj", "{2B9155DC-8EFA-454A-AA02-9A96EC244DE2}"
EndProject
Project("{9A19103F-16F7-4668-BE54-9A1E7A4F7556}") = "lesson4.1", "lesson4.1\lesson4.1.csproj", "{4320F46A-9E38-40B0-870B-AEED4933A7A1}"
EndProject
Project("{9A19103F-16F7-4668-BE54-9A1E7A4F7556}") = "lesson4.2", "lesson4.2\lesson4.2.csproj", "{3D255A2F-0AC7-4BF2-A964-97BBE4F6DC43}"
EndProject
Project("{9A19103F-16F7-4668-BE54-9A1E7A4F7556}") = "5.1", "5.1\5.1.csproj", "{1384E6DB-2C3F-46D0-A345-51C5C6128CB6}"
EndProject
Project("{9A19103F-16F7-4668-BE54-9A1E7A4F7556}") = "5.2", "5.2\5.2.csproj", "{A40868EF-F534-4771-9F91-1F13F8B6783B}"
EndProject
Project("{9A19103F-16F7-4668-BE54-9A1E7A4F7556}") = "5.3", "5.3\5.3.csproj", "{C866A240-155B-4D50-8DDB-4A31702DE42C}"
EndProject
Project("{9A19103F-16F7-4668-BE54-9A1E7A4F7556}") = "6.1", "6.1\6.1.csproj", "{46734AEF-4B86-43A7-95B2-296FC9FA4EE4}"
EndProject
Project("{9A19103F-16F7-4668-BE54-9A1E7A4F7556}") = "6.2", "6.2\6.2.csproj", "{881DA25A-5515-4CB0-A1F5-AB1C9F02E225}"
EndProject
Project("{9A19103F-16F7-4668-BE54-9A1E7A4F7556}") = "6.3", "6.3\6.3.csproj", "{83AF56FA-0816-4127-AC5D-27E5A64953FE}"
EndProject
Project("{9A19103F-16F7-4668-BE54-9A1E7A4F7556}") = "7.1", "7.1\7.1.csproj", "{2DDBB247-F534-4413-BB88-770CEFFFA443}"
EndProject
Project("{9A19103F-16F7-4668-BE54-9A1E7A4F7556}") = "7.2", "7.2\7.2.csproj", "{6ABAA680-F904-4F22-83C6-F7C679007B77}"
EndProject
Project("{9A19103F-16F7-4668-BE54-9A1E7A4F7556}") = "7.3", "7.3\7.3.csproj", "{E3EA6A1D-F534-4B19-BFF1-50A1C5DB47D2}"
EndProject
Project("{9A19103F-16F7-4668-BE54-9A1E7A4F7556}") = "8.1", "8.1\8.1.csproj", "{1163DF32-4F09-464C-B17C-6C77224145D1}"
EndProject
Project("{9A19103F-16F7-4668-BE54-9A1E7A4F7556}") = "8.2", "8.2\8.2.csproj", "{9CFFDFF7-7934-4D94-B787-AF23D01B4CEF}"
EndProject
Project("{9A19103F-16F7-4668-BE54-9A1E7A4F7556}") = "8.3", "8.3\8.3.csproj", "{FB2CB3D0-EBD1-4077-920A-06E47413489D}"
EndProject
Project("{FAE04EC0-301F-11D3-BF4B-00C04F79EFBC}") = "9.1", "9.1\9.1.csproj", "{CF4156E2-2BD8-4217-A86D-C807809DB154}"
EndProject
Project("{FAE04EC0-301F-11D3-BF4B-00C04F79EFBC}") = "9.2", "9.2\9.2.csproj", "{6FC1842E-DD9B-4E47-ACF1-C3884C965B54}"
EndProject
Project("{FAE04EC0-301F-11D3-BF4B-00C04F79EFBC}") = "9.3", "9.3\9.3.csproj", "{54A67558-91F3-4A13-94BD-C5767874D62C}"
EndProject
Global
	GlobalSection(SolutionConfigurationPlatforms) = preSolution
		Debug|Any CPU = Debug|Any CPU
		Release|Any CPU = Release|Any CPU
	EndGlobalSection
	GlobalSection(ProjectConfigurationPlatforms) = postSolution
		{4655B2B5-6FDF-4AA8-BFD9-60BC5632771D}.Debug|Any CPU.ActiveCfg = Debug|Any CPU
		{4655B2B5-6FDF-4AA8-BFD9-60BC5632771D}.Debug|Any CPU.Build.0 = Debug|Any CPU
		{4655B2B5-6FDF-4AA8-BFD9-60BC5632771D}.Release|Any CPU.ActiveCfg = Release|Any CPU
		{4655B2B5-6FDF-4AA8-BFD9-60BC5632771D}.Release|Any CPU.Build.0 = Release|Any CPU
		{0A4DD1B3-E2E4-4BF0-99D2-2D4B6DC6BF0E}.Debug|Any CPU.ActiveCfg = Debug|Any CPU
		{0A4DD1B3-E2E4-4BF0-99D2-2D4B6DC6BF0E}.Debug|Any CPU.Build.0 = Debug|Any CPU
		{0A4DD1B3-E2E4-4BF0-99D2-2D4B6DC6BF0E}.Release|Any CPU.ActiveCfg = Release|Any CPU
		{0A4DD1B3-E2E4-4BF0-99D2-2D4B6DC6BF0E}.Release|Any CPU.Build.0 = Release|Any CPU
		{BDC7C1F1-E352-4098-BEDB-D2926F46D2C3}.Debug|Any CPU.ActiveCfg = Debug|Any CPU
		{BDC7C1F1-E352-4098-BEDB-D2926F46D2C3}.Debug|Any CPU.Build.0 = Debug|Any CPU
		{BDC7C1F1-E352-4098-BEDB-D2926F46D2C3}.Release|Any CPU.ActiveCfg = Release|Any CPU
		{BDC7C1F1-E352-4098-BEDB-D2926F46D2C3}.Release|Any CPU.Build.0 = Release|Any CPU
		{A4E51469-8498-46CD-A07E-F75A24143036}.Debug|Any CPU.ActiveCfg = Debug|Any CPU
		{A4E51469-8498-46CD-A07E-F75A24143036}.Debug|Any CPU.Build.0 = Debug|Any CPU
		{A4E51469-8498-46CD-A07E-F75A24143036}.Release|Any CPU.ActiveCfg = Release|Any CPU
		{A4E51469-8498-46CD-A07E-F75A24143036}.Release|Any CPU.Build.0 = Release|Any CPU
		{688018A8-84BB-48F2-ACF5-A67C433FCCF5}.Debug|Any CPU.ActiveCfg = Debug|Any CPU
		{688018A8-84BB-48F2-ACF5-A67C433FCCF5}.Debug|Any CPU.Build.0 = Debug|Any CPU
		{688018A8-84BB-48F2-ACF5-A67C433FCCF5}.Release|Any CPU.ActiveCfg = Release|Any CPU
		{688018A8-84BB-48F2-ACF5-A67C433FCCF5}.Release|Any CPU.Build.0 = Release|Any CPU
		{070191B3-48E2-4201-B88C-093298738B2F}.Debug|Any CPU.ActiveCfg = Debug|Any CPU
		{070191B3-48E2-4201-B88C-093298738B2F}.Debug|Any CPU.Build.0 = Debug|Any CPU
		{070191B3-48E2-4201-B88C-093298738B2F}.Release|Any CPU.ActiveCfg = Release|Any CPU
		{070191B3-48E2-4201-B88C-093298738B2F}.Release|Any CPU.Build.0 = Release|Any CPU
		{2B9155DC-8EFA-454A-AA02-9A96EC244DE2}.Debug|Any CPU.ActiveCfg = Debug|Any CPU
		{2B9155DC-8EFA-454A-AA02-9A96EC244DE2}.Debug|Any CPU.Build.0 = Debug|Any CPU
		{2B9155DC-8EFA-454A-AA02-9A96EC244DE2}.Release|Any CPU.ActiveCfg = Release|Any CPU
		{2B9155DC-8EFA-454A-AA02-9A96EC244DE2}.Release|Any CPU.Build.0 = Release|Any CPU
		{4320F46A-9E38-40B0-870B-AEED4933A7A1}.Debug|Any CPU.ActiveCfg = Debug|Any CPU
		{4320F46A-9E38-40B0-870B-AEED4933A7A1}.Debug|Any CPU.Build.0 = Debug|Any CPU
		{4320F46A-9E38-40B0-870B-AEED4933A7A1}.Release|Any CPU.ActiveCfg = Release|Any CPU
		{4320F46A-9E38-40B0-870B-AEED4933A7A1}.Release|Any CPU.Build.0 = Release|Any CPU
		{3D255A2F-0AC7-4BF2-A964-97BBE4F6DC43}.Debug|Any CPU.ActiveCfg = Debug|Any CPU
		{3D255A2F-0AC7-4BF2-A964-97BBE4F6DC43}.Debug|Any CPU.Build.0 = Debug|Any CPU
		{3D255A2F-0AC7-4BF2-A964-97BBE4F6DC43}.Release|Any CPU.ActiveCfg = Release|Any CPU
		{3D255A2F-0AC7-4BF2-A964-97BBE4F6DC43}.Release|Any CPU.Build.0 = Release|Any CPU
		{1384E6DB-2C3F-46D0-A345-51C5C6128CB6}.Debug|Any CPU.ActiveCfg = Debug|Any CPU
		{1384E6DB-2C3F-46D0-A345-51C5C6128CB6}.Debug|Any CPU.Build.0 = Debug|Any CPU
		{1384E6DB-2C3F-46D0-A345-51C5C6128CB6}.Release|Any CPU.ActiveCfg = Release|Any CPU
		{1384E6DB-2C3F-46D0-A345-51C5C6128CB6}.Release|Any CPU.Build.0 = Release|Any CPU
		{A40868EF-F534-4771-9F91-1F13F8B6783B}.Debug|Any CPU.ActiveCfg = Debug|Any CPU
		{A40868EF-F534-4771-9F91-1F13F8B6783B}.Debug|Any CPU.Build.0 = Debug|Any CPU
		{A40868EF-F534-4771-9F91-1F13F8B6783B}.Release|Any CPU.ActiveCfg = Release|Any CPU
		{A40868EF-F534-4771-9F91-1F13F8B6783B}.Release|Any CPU.Build.0 = Release|Any CPU
		{C866A240-155B-4D50-8DDB-4A31702DE42C}.Debug|Any CPU.ActiveCfg = Debug|Any CPU
		{C866A240-155B-4D50-8DDB-4A31702DE42C}.Debug|Any CPU.Build.0 = Debug|Any CPU
		{C866A240-155B-4D50-8DDB-4A31702DE42C}.Release|Any CPU.ActiveCfg = Release|Any CPU
		{C866A240-155B-4D50-8DDB-4A31702DE42C}.Release|Any CPU.Build.0 = Release|Any CPU
		{46734AEF-4B86-43A7-95B2-296FC9FA4EE4}.Debug|Any CPU.ActiveCfg = Debug|Any CPU
		{46734AEF-4B86-43A7-95B2-296FC9FA4EE4}.Debug|Any CPU.Build.0 = Debug|Any CPU
		{46734AEF-4B86-43A7-95B2-296FC9FA4EE4}.Release|Any CPU.ActiveCfg = Release|Any CPU
		{46734AEF-4B86-43A7-95B2-296FC9FA4EE4}.Release|Any CPU.Build.0 = Release|Any CPU
		{881DA25A-5515-4CB0-A1F5-AB1C9F02E225}.Debug|Any CPU.ActiveCfg = Debug|Any CPU
		{881DA25A-5515-4CB0-A1F5-AB1C9F02E225}.Debug|Any CPU.Build.0 = Debug|Any CPU
		{881DA25A-5515-4CB0-A1F5-AB1C9F02E225}.Release|Any CPU.ActiveCfg = Release|Any CPU
		{881DA25A-5515-4CB0-A1F5-AB1C9F02E225}.Release|Any CPU.Build.0 = Release|Any CPU
		{83AF56FA-0816-4127-AC5D-27E5A64953FE}.Debug|Any CPU.ActiveCfg = Debug|Any CPU
		{83AF56FA-0816-4127-AC5D-27E5A64953FE}.Debug|Any CPU.Build.0 = Debug|Any CPU
		{83AF56FA-0816-4127-AC5D-27E5A64953FE}.Release|Any CPU.ActiveCfg = Release|Any CPU
		{83AF56FA-0816-4127-AC5D-27E5A64953FE}.Release|Any CPU.Build.0 = Release|Any CPU
		{2DDBB247-F534-4413-BB88-770CEFFFA443}.Debug|Any CPU.ActiveCfg = Debug|Any CPU
		{2DDBB247-F534-4413-BB88-770CEFFFA443}.Debug|Any CPU.Build.0 = Debug|Any CPU
		{2DDBB247-F534-4413-BB88-770CEFFFA443}.Release|Any CPU.ActiveCfg = Release|Any CPU
		{2DDBB247-F534-4413-BB88-770CEFFFA443}.Release|Any CPU.Build.0 = Release|Any CPU
		{6ABAA680-F904-4F22-83C6-F7C679007B77}.Debug|Any CPU.ActiveCfg = Debug|Any CPU
		{6ABAA680-F904-4F22-83C6-F7C679007B77}.Debug|Any CPU.Build.0 = Debug|Any CPU
		{6ABAA680-F904-4F22-83C6-F7C679007B77}.Release|Any CPU.ActiveCfg = Release|Any CPU
		{6ABAA680-F904-4F22-83C6-F7C679007B77}.Release|Any CPU.Build.0 = Release|Any CPU
		{E3EA6A1D-F534-4B19-BFF1-50A1C5DB47D2}.Debug|Any CPU.ActiveCfg = Debug|Any CPU
		{E3EA6A1D-F534-4B19-BFF1-50A1C5DB47D2}.Debug|Any CPU.Build.0 = Debug|Any CPU
		{E3EA6A1D-F534-4B19-BFF1-50A1C5DB47D2}.Release|Any CPU.ActiveCfg = Release|Any CPU
		{E3EA6A1D-F534-4B19-BFF1-50A1C5DB47D2}.Release|Any CPU.Build.0 = Release|Any CPU
		{1163DF32-4F09-464C-B17C-6C77224145D1}.Debug|Any CPU.ActiveCfg = Debug|Any CPU
		{1163DF32-4F09-464C-B17C-6C77224145D1}.Debug|Any CPU.Build.0 = Debug|Any CPU
		{1163DF32-4F09-464C-B17C-6C77224145D1}.Release|Any CPU.ActiveCfg = Release|Any CPU
		{1163DF32-4F09-464C-B17C-6C77224145D1}.Release|Any CPU.Build.0 = Release|Any CPU
		{9CFFDFF7-7934-4D94-B787-AF23D01B4CEF}.Debug|Any CPU.ActiveCfg = Debug|Any CPU
		{9CFFDFF7-7934-4D94-B787-AF23D01B4CEF}.Debug|Any CPU.Build.0 = Debug|Any CPU
		{9CFFDFF7-7934-4D94-B787-AF23D01B4CEF}.Release|Any CPU.ActiveCfg = Release|Any CPU
		{9CFFDFF7-7934-4D94-B787-AF23D01B4CEF}.Release|Any CPU.Build.0 = Release|Any CPU
		{FB2CB3D0-EBD1-4077-920A-06E47413489D}.Debug|Any CPU.ActiveCfg = Debug|Any CPU
		{FB2CB3D0-EBD1-4077-920A-06E47413489D}.Debug|Any CPU.Build.0 = Debug|Any CPU
		{FB2CB3D0-EBD1-4077-920A-06E47413489D}.Release|Any CPU.ActiveCfg = Release|Any CPU
		{FB2CB3D0-EBD1-4077-920A-06E47413489D}.Release|Any CPU.Build.0 = Release|Any CPU
		{CF4156E2-2BD8-4217-A86D-C807809DB154}.Debug|Any CPU.ActiveCfg = Debug|Any CPU
		{CF4156E2-2BD8-4217-A86D-C807809DB154}.Debug|Any CPU.Build.0 = Debug|Any CPU
		{CF4156E2-2BD8-4217-A86D-C807809DB154}.Release|Any CPU.ActiveCfg = Release|Any CPU
		{CF4156E2-2BD8-4217-A86D-C807809DB154}.Release|Any CPU.Build.0 = Release|Any CPU
		{6FC1842E-DD9B-4E47-ACF1-C3884C965B54}.Debug|Any CPU.ActiveCfg = Debug|Any CPU
		{6FC1842E-DD9B-4E47-ACF1-C3884C965B54}.Debug|Any CPU.Build.0 = Debug|Any CPU
		{6FC1842E-DD9B-4E47-ACF1-C3884C965B54}.Release|Any CPU.ActiveCfg = Release|Any CPU
		{6FC1842E-DD9B-4E47-ACF1-C3884C965B54}.Release|Any CPU.Build.0 = Release|Any CPU
		{54A67558-91F3-4A13-94BD-C5767874D62C}.Debug|Any CPU.ActiveCfg = Debug|Any CPU
		{54A67558-91F3-4A13-94BD-C5767874D62C}.Debug|Any CPU.Build.0 = Debug|Any CPU
		{54A67558-91F3-4A13-94BD-C5767874D62C}.Release|Any CPU.ActiveCfg = Release|Any CPU
		{54A67558-91F3-4A13-94BD-C5767874D62C}.Release|Any CPU.Build.0 = Release|Any CPU
	EndGlobalSection
	GlobalSection(SolutionProperties) = preSolution
		HideSolutionNode = FALSE
	EndGlobalSection
	GlobalSection(ExtensibilityGlobals) = postSolution
		SolutionGuid = {4CAFCFDE-DCE2-4153-A3DA-2AB14C0EB95A}
	EndGlobalSection
EndGlobal
